
Microsoft Visual Studio Solution File, Format Version 12.00
Project("{2150E333-8FDC-42A3-9474-1A3956D46DE8}") = "src", "src", "{539AA368-1B87-4B60-85D7-5EC5B5E09DB0}"
EndProject
Project("{2150E333-8FDC-42A3-9474-1A3956D46DE8}") = "test", "test", "{FB6DE501-65DE-4809-A348-A16EB483E5C3}"
EndProject
Project("{FAE04EC0-301F-11D3-BF4B-00C04F79EFBC}") = "Digitall.APower", "src\Digitall.APower\Digitall.APower.csproj", "{2BBAC871-2287-4544-8C71-DFE6104D1BBE}"
EndProject
Project("{2150E333-8FDC-42A3-9474-1A3956D46DE8}") = "samples", "samples", "{D53E6EEB-4B4D-4782-BB9A-5C9532116C61}"
EndProject
Project("{FAE04EC0-301F-11D3-BF4B-00C04F79EFBC}") = "SamplePlugin", "examples\SamplePlugin\SamplePlugin.csproj", "{973B1BBB-07F4-4EE9-B16D-D86D71A55510}"
EndProject
Project("{FAE04EC0-301F-11D3-BF4B-00C04F79EFBC}") = "Digitall.APower.Tests", "test\Digitall.APower.Tests\Digitall.APower.Tests.csproj", "{F357D415-3C88-483C-9AA7-C0AD4DAC7ED4}"
EndProject
Global
	GlobalSection(SolutionConfigurationPlatforms) = preSolution
		Debug|Any CPU = Debug|Any CPU
		Release|Any CPU = Release|Any CPU
	EndGlobalSection
	GlobalSection(NestedProjects) = preSolution
		{2BBAC871-2287-4544-8C71-DFE6104D1BBE} = {539AA368-1B87-4B60-85D7-5EC5B5E09DB0}
		{973B1BBB-07F4-4EE9-B16D-D86D71A55510} = {D53E6EEB-4B4D-4782-BB9A-5C9532116C61}
		{F357D415-3C88-483C-9AA7-C0AD4DAC7ED4} = {FB6DE501-65DE-4809-A348-A16EB483E5C3}
	EndGlobalSection
	GlobalSection(ProjectConfigurationPlatforms) = postSolution
		{2BBAC871-2287-4544-8C71-DFE6104D1BBE}.Debug|Any CPU.ActiveCfg = Debug|Any CPU
		{2BBAC871-2287-4544-8C71-DFE6104D1BBE}.Debug|Any CPU.Build.0 = Debug|Any CPU
		{2BBAC871-2287-4544-8C71-DFE6104D1BBE}.Release|Any CPU.ActiveCfg = Release|Any CPU
		{2BBAC871-2287-4544-8C71-DFE6104D1BBE}.Release|Any CPU.Build.0 = Release|Any CPU
		{973B1BBB-07F4-4EE9-B16D-D86D71A55510}.Debug|Any CPU.ActiveCfg = Debug|Any CPU
		{973B1BBB-07F4-4EE9-B16D-D86D71A55510}.Debug|Any CPU.Build.0 = Debug|Any CPU
		{973B1BBB-07F4-4EE9-B16D-D86D71A55510}.Release|Any CPU.ActiveCfg = Release|Any CPU
		{973B1BBB-07F4-4EE9-B16D-D86D71A55510}.Release|Any CPU.Build.0 = Release|Any CPU
		{F357D415-3C88-483C-9AA7-C0AD4DAC7ED4}.Debug|Any CPU.ActiveCfg = Debug|Any CPU
		{F357D415-3C88-483C-9AA7-C0AD4DAC7ED4}.Debug|Any CPU.Build.0 = Debug|Any CPU
		{F357D415-3C88-483C-9AA7-C0AD4DAC7ED4}.Release|Any CPU.ActiveCfg = Release|Any CPU
		{F357D415-3C88-483C-9AA7-C0AD4DAC7ED4}.Release|Any CPU.Build.0 = Release|Any CPU
	EndGlobalSection
EndGlobal
